// !$*UTF8*$!
{
	archiveVersion = 1;
	classes = {
	};
	objectVersion = 50;
	objects = {

/* Begin PBXBuildFile section */
		D9194A1E2510E1AB00F1D0CF /* drum.mp3 in Resources */ = {isa = PBXBuildFile; fileRef = D9194A1C2510E1AB00F1D0CF /* drum.mp3 */; };
		D9194A1F2510E1AB00F1D0CF /* bell.mp3 in Resources */ = {isa = PBXBuildFile; fileRef = D9194A1D2510E1AB00F1D0CF /* bell.mp3 */; };
		D9C1706C2510CE7500A4C039 /* AppDelegate.swift in Sources */ = {isa = PBXBuildFile; fileRef = D9C1706B2510CE7500A4C039 /* AppDelegate.swift */; };
		D9C1706E2510CE7500A4C039 /* SceneDelegate.swift in Sources */ = {isa = PBXBuildFile; fileRef = D9C1706D2510CE7500A4C039 /* SceneDelegate.swift */; };
		D9C170702510CE7500A4C039 /* ViewController.swift in Sources */ = {isa = PBXBuildFile; fileRef = D9C1706F2510CE7500A4C039 /* ViewController.swift */; };
		D9C170732510CE7500A4C039 /* Main.storyboard in Resources */ = {isa = PBXBuildFile; fileRef = D9C170712510CE7500A4C039 /* Main.storyboard */; };
		D9C170752510CE7600A4C039 /* Assets.xcassets in Resources */ = {isa = PBXBuildFile; fileRef = D9C170742510CE7600A4C039 /* Assets.xcassets */; };
		D9C170782510CE7600A4C039 /* LaunchScreen.storyboard in Resources */ = {isa = PBXBuildFile; fileRef = D9C170762510CE7600A4C039 /* LaunchScreen.storyboard */; };
/* End PBXBuildFile section */

/* Begin PBXFileReference section */
		D9194A1C2510E1AB00F1D0CF /* drum.mp3 */ = {isa = PBXFileReference; lastKnownFileType = audio.mp3; path = drum.mp3; sourceTree = "<group>"; };
		D9194A1D2510E1AB00F1D0CF /* bell.mp3 */ = {isa = PBXFileReference; lastKnownFileType = audio.mp3; path = bell.mp3; sourceTree = "<group>"; };
		D9C170682510CE7500A4C039 /* OmikuziApp.app */ = {isa = PBXFileReference; explicitFileType = wrapper.application; includeInIndex = 0; path = OmikuziApp.app; sourceTree = BUILT_PRODUCTS_DIR; };
		D9C1706B2510CE7500A4C039 /* AppDelegate.swift */ = {isa = PBXFileReference; lastKnownFileType = sourcecode.swift; path = AppDelegate.swift; sourceTree = "<group>"; };
		D9C1706D2510CE7500A4C039 /* SceneDelegate.swift */ = {isa = PBXFileReference; lastKnownFileType = sourcecode.swift; path = SceneDelegate.swift; sourceTree = "<group>"; };
		D9C1706F2510CE7500A4C039 /* ViewController.swift */ = {isa = PBXFileReference; lastKnownFileType = sourcecode.swift; path = ViewController.swift; sourceTree = "<group>"; };
		D9C170722510CE7500A4C039 /* Base */ = {isa = PBXFileReference; lastKnownFileType = file.storyboard; name = Base; path = Base.lproj/Main.storyboard; sourceTree = "<group>"; };
		D9C170742510CE7600A4C039 /* Assets.xcassets */ = {isa = PBXFileReference; lastKnownFileType = folder.assetcatalog; path = Assets.xcassets; sourceTree = "<group>"; };
		D9C170772510CE7600A4C039 /* Base */ = {isa = PBXFileReference; lastKnownFileType = file.storyboard; name = Base; path = Base.lproj/LaunchScreen.storyboard; sourceTree = "<group>"; };
		D9C170792510CE7600A4C039 /* Info.plist */ = {isa = PBXFileReference; lastKnownFileType = text.plist.xml; path = Info.plist; sourceTree = "<group>"; };
/* End PBXFileReference section */

/* Begin PBXFrameworksBuildPhase section */
		D9C170652510CE7500A4C039 /* Frameworks */ = {
			isa = PBXFrameworksBuildPhase;
			buildActionMask = 2147483647;
			files = (
			);
			runOnlyForDeploymentPostprocessing = 0;
		};
/* End PBXFrameworksBuildPhase section */

/* Begin PBXGroup section */
		D9194A1B2510E1AB00F1D0CF /* omikuji_sound */ = {
			isa = PBXGroup;
			children = (
				D9194A1C2510E1AB00F1D0CF /* drum.mp3 */,
				D9194A1D2510E1AB00F1D0CF /* bell.mp3 */,
			);
			path = omikuji_sound;
			sourceTree = "<group>";
		};
		D9C1705F2510CE7500A4C039 = {
			isa = PBXGroup;
			children = (
				D9194A1B2510E1AB00F1D0CF /* omikuji_sound */,
				D9C1706A2510CE7500A4C039 /* OmikuziApp */,
				D9C170692510CE7500A4C039 /* Products */,
			);
			sourceTree = "<group>";
		};
		D9C170692510CE7500A4C039 /* Products */ = {
			isa = PBXGroup;
			children = (
				D9C170682510CE7500A4C039 /* OmikuziApp.app */,
			);
			name = Products;
			sourceTree = "<group>";
		};
		D9C1706A2510CE7500A4C039 /* OmikuziApp */ = {
			isa = PBXGroup;
			children = (
				D9C1706B2510CE7500A4C039 /* AppDelegate.swift */,
				D9C1706D2510CE7500A4C039 /* SceneDelegate.swift */,
				D9C1706F2510CE7500A4C039 /* ViewController.swift */,
				D9C170712510CE7500A4C039 /* Main.storyboard */,
				D9C170742510CE7600A4C039 /* Assets.xcassets */,
				D9C170762510CE7600A4C039 /* LaunchScreen.storyboard */,
				D9C170792510CE7600A4C039 /* Info.plist */,
			);
			path = OmikuziApp;
			sourceTree = "<group>";
		};
/* End PBXGroup section */

/* Begin PBXNativeTarget section */
		D9C170672510CE7500A4C039 /* OmikuziApp */ = {
			isa = PBXNativeTarget;
			buildConfigurationList = D9C1707C2510CE7600A4C039 /* Build configuration list for PBXNativeTarget "OmikuziApp" */;
			buildPhases = (
				D9C170642510CE7500A4C039 /* Sources */,
				D9C170652510CE7500A4C039 /* Frameworks */,
				D9C170662510CE7500A4C039 /* Resources */,
			);
			buildRules = (
			);
			dependencies = (
			);
			name = OmikuziApp;
			productName = OmikuziApp;
			productReference = D9C170682510CE7500A4C039 /* OmikuziApp.app */;
			productType = "com.apple.product-type.application";
		};
/* End PBXNativeTarget section */

/* Begin PBXProject section */
		D9C170602510CE7500A4C039 /* Project object */ = {
			isa = PBXProject;
			attributes = {
				LastSwiftUpdateCheck = 1170;
				LastUpgradeCheck = 1170;
				ORGANIZATIONNAME = yasu.com;
				TargetAttributes = {
					D9C170672510CE7500A4C039 = {
						CreatedOnToolsVersion = 11.7;
					};
				};
			};
			buildConfigurationList = D9C170632510CE7500A4C039 /* Build configuration list for PBXProject "OmikuziApp" */;
			compatibilityVersion = "Xcode 9.3";
			developmentRegion = en;
			hasScannedForEncodings = 0;
			knownRegions = (
				en,
				Base,
			);
			mainGroup = D9C1705F2510CE7500A4C039;
			productRefGroup = D9C170692510CE7500A4C039 /* Products */;
			projectDirPath = "";
			projectRoot = "";
			targets = (
				D9C170672510CE7500A4C039 /* OmikuziApp */,
			);
		};
/* End PBXProject section */

/* Begin PBXResourcesBuildPhase section */
		D9C170662510CE7500A4C039 /* Resources */ = {
			isa = PBXResourcesBuildPhase;
			buildActionMask = 2147483647;
			files = (
				D9C170782510CE7600A4C039 /* LaunchScreen.storyboard in Resources */,
				D9194A1F2510E1AB00F1D0CF /* bell.mp3 in Resources */,
				D9C170752510CE7600A4C039 /* Assets.xcassets in Resources */,
				D9194A1E2510E1AB00F1D0CF /* drum.mp3 in Resources */,
				D9C170732510CE7500A4C039 /* Main.storyboard in Resources */,
			);
			runOnlyForDeploymentPostprocessing = 0;
		};
/* End PBXResourcesBuildPhase section */

/* Begin PBXSourcesBuildPhase section */
		D9C170642510CE7500A4C039 /* Sources */ = {
			isa = PBXSourcesBuildPhase;
			buildActionMask = 2147483647;
			files = (
				D9C170702510CE7500A4C039 /* ViewController.swift in Sources */,
				D9C1706C2510CE7500A4C039 /* AppDelegate.swift in Sources */,
				D9C1706E2510CE7500A4C039 /* SceneDelegate.swift in Sources */,
			);
			runOnlyForDeploymentPostprocessing = 0;
		};
/* End PBXSourcesBuildPhase section */

/* Begin PBXVariantGroup section */
		D9C170712510CE7500A4C039 /* Main.storyboard */ = {
			isa = PBXVariantGroup;
			children = (
				D9C170722510CE7500A4C039 /* Base */,
			);
			name = Main.storyboard;
			sourceTree = "<group>";
		};
		D9C170762510CE7600A4C039 /* LaunchScreen.storyboard */ = {
			isa = PBXVariantGroup;
			children = (
				D9C170772510CE7600A4C039 /* Base */,
			);
			name = LaunchScreen.storyboard;
			sourceTree = "<group>";
		};
/* End PBXVariantGroup section */

/* Begin XCBuildConfiguration section */
		D9C1707A2510CE7600A4C039 /* Debug */ = {
			isa = XCBuildConfiguration;
			buildSettings = {
				ALWAYS_SEARCH_USER_PATHS = NO;
				CLANG_ANALYZER_NONNULL = YES;
				CLANG_ANALYZER_NUMBER_OBJECT_CONVERSION = YES_AGGRESSIVE;
				CLANG_CXX_LANGUAGE_STANDARD = "gnu++14";
				CLANG_CXX_LIBRARY = "libc++";
				CLANG_ENABLE_MODULES = YES;
				CLANG_ENABLE_OBJC_ARC = YES;
				CLANG_ENABLE_OBJC_WEAK = YES;
				CLANG_WARN_BLOCK_CAPTURE_AUTORELEASING = YES;
				CLANG_WARN_BOOL_CONVERSION = YES;
				CLANG_WARN_COMMA = YES;
				CLANG_WARN_CONSTANT_CONVERSION = YES;
				CLANG_WARN_DEPRECATED_OBJC_IMPLEMENTATIONS = YES;
				CLANG_WARN_DIRECT_OBJC_ISA_USAGE = YES_ERROR;
				CLANG_WARN_DOCUMENTATION_COMMENTS = YES;
				CLANG_WARN_EMPTY_BODY = YES;
				CLANG_WARN_ENUM_CONVERSION = YES;
				CLANG_WARN_INFINITE_RECURSION = YES;
				CLANG_WARN_INT_CONVERSION = YES;
				CLANG_WARN_NON_LITERAL_NULL_CONVERSION = YES;
				CLANG_WARN_OBJC_IMPLICIT_RETAIN_SELF = YES;
				CLANG_WARN_OBJC_LITERAL_CONVERSION = YES;
				CLANG_WARN_OBJC_ROOT_CLASS = YES_ERROR;
				CLANG_WARN_RANGE_LOOP_ANALYSIS = YES;
				CLANG_WARN_STRICT_PROTOTYPES = YES;
				CLANG_WARN_SUSPICIOUS_MOVE = YES;
				CLANG_WARN_UNGUARDED_AVAILABILITY = YES_AGGRESSIVE;
				CLANG_WARN_UNREACHABLE_CODE = YES;
				CLANG_WARN__DUPLICATE_METHOD_MATCH = YES;
				COPY_PHASE_STRIP = NO;
				DEBUG_INFORMATION_FORMAT = dwarf;
				ENABLE_STRICT_OBJC_MSGSEND = YES;
				ENABLE_TESTABILITY = YES;
				GCC_C_LANGUAGE_STANDARD = gnu11;
				GCC_DYNAMIC_NO_PIC = NO;
				GCC_NO_COMMON_BLOCKS = YES;
				GCC_OPTIMIZATION_LEVEL = 0;
				GCC_PREPROCESSOR_DEFINITIONS = (
					"DEBUG=1",
					"$(inherited)",
				);
				GCC_WARN_64_TO_32_BIT_CONVERSION = YES;
				GCC_WARN_ABOUT_RETURN_TYPE = YES_ERROR;
				GCC_WARN_UNDECLARED_SELECTOR = YES;
				GCC_WARN_UNINITIALIZED_AUTOS = YES_AGGRESSIVE;
				GCC_WARN_UNUSED_FUNCTION = YES;
				GCC_WARN_UNUSED_VARIABLE = YES;
				IPHONEOS_DEPLOYMENT_TARGET = 13.7;
				MTL_ENABLE_DEBUG_INFO = INCLUDE_SOURCE;
				MTL_FAST_MATH = YES;
				ONLY_ACTIVE_ARCH = YES;
				SDKROOT = iphoneos;
				SWIFT_ACTIVE_COMPILATION_CONDITIONS = DEBUG;
				SWIFT_OPTIMIZATION_LEVEL = "-Onone";
			};
			name = Debug;
		};
		D9C1707B2510CE7600A4C039 /* Release */ = {
			isa = XCBuildConfiguration;
			buildSettings = {
				ALWAYS_SEARCH_USER_PATHS = NO;
				CLANG_ANALYZER_NONNULL = YES;
				CLANG_ANALYZER_NUMBER_OBJECT_CONVERSION = YES_AGGRESSIVE;
				CLANG_CXX_LANGUAGE_STANDARD = "gnu++14";
				CLANG_CXX_LIBRARY = "libc++";
				CLANG_ENABLE_MODULES = YES;
				CLANG_ENABLE_OBJC_ARC = YES;
				CLANG_ENABLE_OBJC_WEAK = YES;
				CLANG_WARN_BLOCK_CAPTURE_AUTORELEASING = YES;
				CLANG_WARN_BOOL_CONVERSION = YES;
				CLANG_WARN_COMMA = YES;
				CLANG_WARN_CONSTANT_CONVERSION = YES;
				CLANG_WARN_DEPRECATED_OBJC_IMPLEMENTATIONS = YES;
				CLANG_WARN_DIRECT_OBJC_ISA_USAGE = YES_ERROR;
				CLANG_WARN_DOCUMENTATION_COMMENTS = YES;
				CLANG_WARN_EMPTY_BODY = YES;
				CLANG_WARN_ENUM_CONVERSION = YES;
				CLANG_WARN_INFINITE_RECURSION = YES;
				CLANG_WARN_INT_CONVERSION = YES;
				CLANG_WARN_NON_LITERAL_NULL_CONVERSION = YES;
				CLANG_WARN_OBJC_IMPLICIT_RETAIN_SELF = YES;
				CLANG_WARN_OBJC_LITERAL_CONVERSION = YES;
				CLANG_WARN_OBJC_ROOT_CLASS = YES_ERROR;
				CLANG_WARN_RANGE_LOOP_ANALYSIS = YES;
				CLANG_WARN_STRICT_PROTOTYPES = YES;
				CLANG_WARN_SUSPICIOUS_MOVE = YES;
				CLANG_WARN_UNGUARDED_AVAILABILITY = YES_AGGRESSIVE;
				CLANG_WARN_UNREACHABLE_CODE = YES;
				CLANG_WARN__DUPLICATE_METHOD_MATCH = YES;
				COPY_PHASE_STRIP = NO;
				DEBUG_INFORMATION_FORMAT = "dwarf-with-dsym";
				ENABLE_NS_ASSERTIONS = NO;
				ENABLE_STRICT_OBJC_MSGSEND = YES;
				GCC_C_LANGUAGE_STANDARD = gnu11;
				GCC_NO_COMMON_BLOCKS = YES;
				GCC_WARN_64_TO_32_BIT_CONVERSION = YES;
				GCC_WARN_ABOUT_RETURN_TYPE = YES_ERROR;
				GCC_WARN_UNDECLARED_SELECTOR = YES;
				GCC_WARN_UNINITIALIZED_AUTOS = YES_AGGRESSIVE;
				GCC_WARN_UNUSED_FUNCTION = YES;
				GCC_WARN_UNUSED_VARIABLE = YES;
				IPHONEOS_DEPLOYMENT_TARGET = 13.7;
				MTL_ENABLE_DEBUG_INFO = NO;
				MTL_FAST_MATH = YES;
				SDKROOT = iphoneos;
				SWIFT_COMPILATION_MODE = wholemodule;
				SWIFT_OPTIMIZATION_LEVEL = "-O";
				VALIDATE_PRODUCT = YES;
			};
			name = Release;
		};
		D9C1707D2510CE7600A4C039 /* Debug */ = {
			isa = XCBuildConfiguration;
			buildSettings = {
				ASSETCATALOG_COMPILER_APPICON_NAME = AppIcon;
				CODE_SIGN_STYLE = Automatic;
				DEVELOPMENT_TEAM = R9Z2GPHT97;
				INFOPLIST_FILE = OmikuziApp/Info.plist;
				LD_RUNPATH_SEARCH_PATHS = (
					"$(inherited)",
					"@executable_path/Frameworks",
				);
				PRODUCT_BUNDLE_IDENTIFIER = com.yasu.OmikuziApp;
				PRODUCT_NAME = "$(TARGET_NAME)";
				SWIFT_VERSION = 5.0;
				TARGETED_DEVICE_FAMILY = "1,2";
			};
			name = Debug;
		};
		D9C1707E2510CE7600A4C039 /* Release */ = {
			isa = XCBuildConfiguration;
			buildSettings = {
				ASSETCATALOG_COMPILER_APPICON_NAME = AppIcon;
				CODE_SIGN_STYLE = Automatic;
				DEVELOPMENT_TEAM = R9Z2GPHT97;
				INFOPLIST_FILE = OmikuziApp/Info.plist;
				LD_RUNPATH_SEARCH_PATHS = (
					"$(inherited)",
					"@executable_path/Frameworks",
				);
				PRODUCT_BUNDLE_IDENTIFIER = com.yasu.OmikuziApp;
				PRODUCT_NAME = "$(TARGET_NAME)";
				SWIFT_VERSION = 5.0;
				TARGETED_DEVICE_FAMILY = "1,2";
			};
			name = Release;
		};
/* End XCBuildConfiguration section */

/* Begin XCConfigurationList section */
		D9C170632510CE7500A4C039 /* Build configuration list for PBXProject "OmikuziApp" */ = {
			isa = XCConfigurationList;
			buildConfigurations = (
				D9C1707A2510CE7600A4C039 /* Debug */,
				D9C1707B2510CE7600A4C039 /* Release */,
			);
			defaultConfigurationIsVisible = 0;
			defaultConfigurationName = Release;
		};
		D9C1707C2510CE7600A4C039 /* Build configuration list for PBXNativeTarget "OmikuziApp" */ = {
			isa = XCConfigurationList;
			buildConfigurations = (
				D9C1707D2510CE7600A4C039 /* Debug */,
				D9C1707E2510CE7600A4C039 /* Release */,
			);
			defaultConfigurationIsVisible = 0;
			defaultConfigurationName = Release;
		};
/* End XCConfigurationList section */
	};
	rootObject = D9C170602510CE7500A4C039 /* Project object */;
}
